
Microsoft Visual Studio Solution File, Format Version 12.00
# Visual Studio Version 17
VisualStudioVersion = 17.10.35013.160
MinimumVisualStudioVersion = 10.0.40219.1
Project("{FAE04EC0-301F-11D3-BF4B-00C04F79EFBC}") = "ConnectedArchitecture", "ConnectedArchitecture\ConnectedArchitecture.csproj", "{7CB07EE6-2EB0-4AF1-917E-B08A89310446}"
EndProject
Global
	GlobalSection(SolutionConfigurationPlatforms) = preSolution
		Debug|Any CPU = Debug|Any CPU
		Release|Any CPU = Release|Any CPU
	EndGlobalSection
	GlobalSection(ProjectConfigurationPlatforms) = postSolution
		{7CB07EE6-2EB0-4AF1-917E-B08A89310446}.Debug|Any CPU.ActiveCfg = Debug|Any CPU
		{7CB07EE6-2EB0-4AF1-917E-B08A89310446}.Debug|Any CPU.Build.0 = Debug|Any CPU
		{7CB07EE6-2EB0-4AF1-917E-B08A89310446}.Release|Any CPU.ActiveCfg = Release|Any CPU
		{7CB07EE6-2EB0-4AF1-917E-B08A89310446}.Release|Any CPU.Build.0 = Release|Any CPU
	EndGlobalSection
	GlobalSection(SolutionProperties) = preSolution
		HideSolutionNode = FALSE
	EndGlobalSection
	GlobalSection(ExtensibilityGlobals) = postSolution
		SolutionGuid = {06E3642C-D586-464F-813E-B28B8F682753}
	EndGlobalSection
EndGlobal
