
Microsoft Visual Studio Solution File, Format Version 12.00
# Visual Studio Version 17
VisualStudioVersion = 17.10.35013.160
MinimumVisualStudioVersion = 10.0.40219.1
Project("{FAE04EC0-301F-11D3-BF4B-00C04F79EFBC}") = "DisConnectedExamples", "DisConnectedExamples\DisConnectedExamples.csproj", "{D505D581-F278-414C-9174-906ED0513156}"
EndProject
Project("{FAE04EC0-301F-11D3-BF4B-00C04F79EFBC}") = "AssignmentDisconnectedArchitecture", "AssignmentDisconnectedArchitecture\AssignmentDisconnectedArchitecture.csproj", "{6253107E-D0D2-4519-BD60-57ED04BF0581}"
EndProject
Global
	GlobalSection(SolutionConfigurationPlatforms) = preSolution
		Debug|Any CPU = Debug|Any CPU
		Release|Any CPU = Release|Any CPU
	EndGlobalSection
	GlobalSection(ProjectConfigurationPlatforms) = postSolution
		{D505D581-F278-414C-9174-906ED0513156}.Debug|Any CPU.ActiveCfg = Debug|Any CPU
		{D505D581-F278-414C-9174-906ED0513156}.Debug|Any CPU.Build.0 = Debug|Any CPU
		{D505D581-F278-414C-9174-906ED0513156}.Release|Any CPU.ActiveCfg = Release|Any CPU
		{D505D581-F278-414C-9174-906ED0513156}.Release|Any CPU.Build.0 = Release|Any CPU
		{6253107E-D0D2-4519-BD60-57ED04BF0581}.Debug|Any CPU.ActiveCfg = Debug|Any CPU
		{6253107E-D0D2-4519-BD60-57ED04BF0581}.Debug|Any CPU.Build.0 = Debug|Any CPU
		{6253107E-D0D2-4519-BD60-57ED04BF0581}.Release|Any CPU.ActiveCfg = Release|Any CPU
		{6253107E-D0D2-4519-BD60-57ED04BF0581}.Release|Any CPU.Build.0 = Release|Any CPU
	EndGlobalSection
	GlobalSection(SolutionProperties) = preSolution
		HideSolutionNode = FALSE
	EndGlobalSection
	GlobalSection(ExtensibilityGlobals) = postSolution
		SolutionGuid = {9726033D-EDE3-46A1-9B69-21A215533071}
	EndGlobalSection
EndGlobal
