
Microsoft Visual Studio Solution File, Format Version 12.00
# Visual Studio Version 17
VisualStudioVersion = 17.10.35013.160
MinimumVisualStudioVersion = 10.0.40219.1
Project("{FAE04EC0-301F-11D3-BF4B-00C04F79EFBC}") = "Assignment1", "Assignment1\Assignment1.csproj", "{0FE906CC-5A75-40D6-B42B-57C00369B576}"
EndProject
Project("{FAE04EC0-301F-11D3-BF4B-00C04F79EFBC}") = "Assignment2Average", "Assignment2Average\Assignment2Average.csproj", "{BCB9A606-A310-4277-990C-E01E0357161A}"
EndProject
Project("{FAE04EC0-301F-11D3-BF4B-00C04F79EFBC}") = "Assignment3", "Assignment3\Assignment3.csproj", "{E04535B2-FAC6-4E3A-A3D3-B00A1609D245}"
EndProject
Project("{FAE04EC0-301F-11D3-BF4B-00C04F79EFBC}") = "Assignment4AdditionTwoHardcoded", "Assignment4AdditionTwoHardcoded\Assignment4AdditionTwoHardcoded.csproj", "{229B8093-E663-42B8-904D-E8827E7ABF61}"
EndProject
Project("{FAE04EC0-301F-11D3-BF4B-00C04F79EFBC}") = "Assignment5Swaping", "Assignment5Swaping\Assignment5Swaping.csproj", "{BCB018AC-B4CC-483F-9D90-5A5B3D3B57B0}"
EndProject
Project("{FAE04EC0-301F-11D3-BF4B-00C04F79EFBC}") = "Assignment6Ascii", "Assignment6Ascii\Assignment6Ascii.csproj", "{389D2830-82EC-456A-8DDF-843CF36E4258}"
EndProject
Project("{FAE04EC0-301F-11D3-BF4B-00C04F79EFBC}") = "Assignment7Netsalary", "Assignment7Netsalary\Assignment7Netsalary.csproj", "{98400B22-CFFE-4230-9587-85DE4C79A0FC}"
EndProject
Project("{FAE04EC0-301F-11D3-BF4B-00C04F79EFBC}") = "Assignment8LeapYear", "Assignment8LeapYear\Assignment8LeapYear.csproj", "{E08CEF7A-426F-41D5-9210-DF2F3732185E}"
EndProject
Project("{FAE04EC0-301F-11D3-BF4B-00C04F79EFBC}") = "Assignment9commisionNetSalary", "Assignment9commisionNetSalary\Assignment9commisionNetSalary.csproj", "{7ADCB598-839B-4045-9609-F9CA09B57C0F}"
EndProject
Project("{FAE04EC0-301F-11D3-BF4B-00C04F79EFBC}") = "Assignment10MenuDriven", "Assignment10MenuDriven\Assignment10MenuDriven.csproj", "{414738F2-E38E-497E-84AF-9E0A58C2BEFD}"
EndProject
Global
	GlobalSection(SolutionConfigurationPlatforms) = preSolution
		Debug|Any CPU = Debug|Any CPU
		Release|Any CPU = Release|Any CPU
	EndGlobalSection
	GlobalSection(ProjectConfigurationPlatforms) = postSolution
		{0FE906CC-5A75-40D6-B42B-57C00369B576}.Debug|Any CPU.ActiveCfg = Debug|Any CPU
		{0FE906CC-5A75-40D6-B42B-57C00369B576}.Debug|Any CPU.Build.0 = Debug|Any CPU
		{0FE906CC-5A75-40D6-B42B-57C00369B576}.Release|Any CPU.ActiveCfg = Release|Any CPU
		{0FE906CC-5A75-40D6-B42B-57C00369B576}.Release|Any CPU.Build.0 = Release|Any CPU
		{BCB9A606-A310-4277-990C-E01E0357161A}.Debug|Any CPU.ActiveCfg = Debug|Any CPU
		{BCB9A606-A310-4277-990C-E01E0357161A}.Debug|Any CPU.Build.0 = Debug|Any CPU
		{BCB9A606-A310-4277-990C-E01E0357161A}.Release|Any CPU.ActiveCfg = Release|Any CPU
		{BCB9A606-A310-4277-990C-E01E0357161A}.Release|Any CPU.Build.0 = Release|Any CPU
		{E04535B2-FAC6-4E3A-A3D3-B00A1609D245}.Debug|Any CPU.ActiveCfg = Debug|Any CPU
		{E04535B2-FAC6-4E3A-A3D3-B00A1609D245}.Debug|Any CPU.Build.0 = Debug|Any CPU
		{E04535B2-FAC6-4E3A-A3D3-B00A1609D245}.Release|Any CPU.ActiveCfg = Release|Any CPU
		{E04535B2-FAC6-4E3A-A3D3-B00A1609D245}.Release|Any CPU.Build.0 = Release|Any CPU
		{229B8093-E663-42B8-904D-E8827E7ABF61}.Debug|Any CPU.ActiveCfg = Debug|Any CPU
		{229B8093-E663-42B8-904D-E8827E7ABF61}.Debug|Any CPU.Build.0 = Debug|Any CPU
		{229B8093-E663-42B8-904D-E8827E7ABF61}.Release|Any CPU.ActiveCfg = Release|Any CPU
		{229B8093-E663-42B8-904D-E8827E7ABF61}.Release|Any CPU.Build.0 = Release|Any CPU
		{BCB018AC-B4CC-483F-9D90-5A5B3D3B57B0}.Debug|Any CPU.ActiveCfg = Debug|Any CPU
		{BCB018AC-B4CC-483F-9D90-5A5B3D3B57B0}.Debug|Any CPU.Build.0 = Debug|Any CPU
		{BCB018AC-B4CC-483F-9D90-5A5B3D3B57B0}.Release|Any CPU.ActiveCfg = Release|Any CPU
		{BCB018AC-B4CC-483F-9D90-5A5B3D3B57B0}.Release|Any CPU.Build.0 = Release|Any CPU
		{389D2830-82EC-456A-8DDF-843CF36E4258}.Debug|Any CPU.ActiveCfg = Debug|Any CPU
		{389D2830-82EC-456A-8DDF-843CF36E4258}.Debug|Any CPU.Build.0 = Debug|Any CPU
		{389D2830-82EC-456A-8DDF-843CF36E4258}.Release|Any CPU.ActiveCfg = Release|Any CPU
		{389D2830-82EC-456A-8DDF-843CF36E4258}.Release|Any CPU.Build.0 = Release|Any CPU
		{98400B22-CFFE-4230-9587-85DE4C79A0FC}.Debug|Any CPU.ActiveCfg = Debug|Any CPU
		{98400B22-CFFE-4230-9587-85DE4C79A0FC}.Debug|Any CPU.Build.0 = Debug|Any CPU
		{98400B22-CFFE-4230-9587-85DE4C79A0FC}.Release|Any CPU.ActiveCfg = Release|Any CPU
		{98400B22-CFFE-4230-9587-85DE4C79A0FC}.Release|Any CPU.Build.0 = Release|Any CPU
		{E08CEF7A-426F-41D5-9210-DF2F3732185E}.Debug|Any CPU.ActiveCfg = Debug|Any CPU
		{E08CEF7A-426F-41D5-9210-DF2F3732185E}.Debug|Any CPU.Build.0 = Debug|Any CPU
		{E08CEF7A-426F-41D5-9210-DF2F3732185E}.Release|Any CPU.ActiveCfg = Release|Any CPU
		{E08CEF7A-426F-41D5-9210-DF2F3732185E}.Release|Any CPU.Build.0 = Release|Any CPU
		{7ADCB598-839B-4045-9609-F9CA09B57C0F}.Debug|Any CPU.ActiveCfg = Debug|Any CPU
		{7ADCB598-839B-4045-9609-F9CA09B57C0F}.Debug|Any CPU.Build.0 = Debug|Any CPU
		{7ADCB598-839B-4045-9609-F9CA09B57C0F}.Release|Any CPU.ActiveCfg = Release|Any CPU
		{7ADCB598-839B-4045-9609-F9CA09B57C0F}.Release|Any CPU.Build.0 = Release|Any CPU
		{414738F2-E38E-497E-84AF-9E0A58C2BEFD}.Debug|Any CPU.ActiveCfg = Debug|Any CPU
		{414738F2-E38E-497E-84AF-9E0A58C2BEFD}.Debug|Any CPU.Build.0 = Debug|Any CPU
		{414738F2-E38E-497E-84AF-9E0A58C2BEFD}.Release|Any CPU.ActiveCfg = Release|Any CPU
		{414738F2-E38E-497E-84AF-9E0A58C2BEFD}.Release|Any CPU.Build.0 = Release|Any CPU
	EndGlobalSection
	GlobalSection(SolutionProperties) = preSolution
		HideSolutionNode = FALSE
	EndGlobalSection
	GlobalSection(ExtensibilityGlobals) = postSolution
		SolutionGuid = {0327C7FA-A52C-439E-95C6-A88849F2B9F1}
	EndGlobalSection
EndGlobal
