
Microsoft Visual Studio Solution File, Format Version 12.00
# Visual Studio Version 17
VisualStudioVersion = 17.10.35013.160
MinimumVisualStudioVersion = 10.0.40219.1
Project("{FAE04EC0-301F-11D3-BF4B-00C04F79EFBC}") = "ConsoleApp", "ConsoleApp\ConsoleApp.csproj", "{D30BA80F-0551-4735-972F-9AC0D188C8D0}"
EndProject
Project("{FAE04EC0-301F-11D3-BF4B-00C04F79EFBC}") = "Assignment1", "Assignment1\Assignment1.csproj", "{205A82D8-8D67-451E-A7D2-75C11F350BDF}"
EndProject
Project("{FAE04EC0-301F-11D3-BF4B-00C04F79EFBC}") = "Assignment2", "Assignment2\Assignment2.csproj", "{47BB35C8-B7BC-4ECB-A4B7-0590F3792D45}"
EndProject
Project("{FAE04EC0-301F-11D3-BF4B-00C04F79EFBC}") = "Assignment3IfElse", "Assignment3IfElse\Assignment3IfElse.csproj", "{0DC6EA0D-41D6-4727-B80A-2346B08EDB65}"
EndProject
Global
	GlobalSection(SolutionConfigurationPlatforms) = preSolution
		Debug|Any CPU = Debug|Any CPU
		Release|Any CPU = Release|Any CPU
	EndGlobalSection
	GlobalSection(ProjectConfigurationPlatforms) = postSolution
		{D30BA80F-0551-4735-972F-9AC0D188C8D0}.Debug|Any CPU.ActiveCfg = Debug|Any CPU
		{D30BA80F-0551-4735-972F-9AC0D188C8D0}.Debug|Any CPU.Build.0 = Debug|Any CPU
		{D30BA80F-0551-4735-972F-9AC0D188C8D0}.Release|Any CPU.ActiveCfg = Release|Any CPU
		{D30BA80F-0551-4735-972F-9AC0D188C8D0}.Release|Any CPU.Build.0 = Release|Any CPU
		{205A82D8-8D67-451E-A7D2-75C11F350BDF}.Debug|Any CPU.ActiveCfg = Debug|Any CPU
		{205A82D8-8D67-451E-A7D2-75C11F350BDF}.Debug|Any CPU.Build.0 = Debug|Any CPU
		{205A82D8-8D67-451E-A7D2-75C11F350BDF}.Release|Any CPU.ActiveCfg = Release|Any CPU
		{205A82D8-8D67-451E-A7D2-75C11F350BDF}.Release|Any CPU.Build.0 = Release|Any CPU
		{47BB35C8-B7BC-4ECB-A4B7-0590F3792D45}.Debug|Any CPU.ActiveCfg = Debug|Any CPU
		{47BB35C8-B7BC-4ECB-A4B7-0590F3792D45}.Debug|Any CPU.Build.0 = Debug|Any CPU
		{47BB35C8-B7BC-4ECB-A4B7-0590F3792D45}.Release|Any CPU.ActiveCfg = Release|Any CPU
		{47BB35C8-B7BC-4ECB-A4B7-0590F3792D45}.Release|Any CPU.Build.0 = Release|Any CPU
		{0DC6EA0D-41D6-4727-B80A-2346B08EDB65}.Debug|Any CPU.ActiveCfg = Debug|Any CPU
		{0DC6EA0D-41D6-4727-B80A-2346B08EDB65}.Debug|Any CPU.Build.0 = Debug|Any CPU
		{0DC6EA0D-41D6-4727-B80A-2346B08EDB65}.Release|Any CPU.ActiveCfg = Release|Any CPU
		{0DC6EA0D-41D6-4727-B80A-2346B08EDB65}.Release|Any CPU.Build.0 = Release|Any CPU
	EndGlobalSection
	GlobalSection(SolutionProperties) = preSolution
		HideSolutionNode = FALSE
	EndGlobalSection
	GlobalSection(ExtensibilityGlobals) = postSolution
		SolutionGuid = {4FF264F7-FCB4-441F-90C9-E8252FE129FF}
	EndGlobalSection
EndGlobal
